
Microsoft Visual Studio Solution File, Format Version 12.00
# Visual Studio Version 17
VisualStudioVersion = 17.10.34928.147
MinimumVisualStudioVersion = 10.0.40219.1
Project("{FAE04EC0-301F-11D3-BF4B-00C04F79EFBC}") = "Demp.PL", "Demp.PL\Demp.PL.csproj", "{874AEFCB-AC22-4683-8D3C-A7C588F5490D}"
EndProject
Project("{FAE04EC0-301F-11D3-BF4B-00C04F79EFBC}") = "Demo.DAL", "Demo.DAL\Demo.DAL.csproj", "{D94AD803-E0E0-4DD1-918B-F707C49F01A6}"
EndProject
Project("{FAE04EC0-301F-11D3-BF4B-00C04F79EFBC}") = "Demo.PLL", "Demo.PLL\Demo.PLL.csproj", "{B1968E46-6BAB-47C2-AA0C-EDF0D88283BE}"
EndProject
Global
	GlobalSection(SolutionConfigurationPlatforms) = preSolution
		Debug|Any CPU = Debug|Any CPU
		Release|Any CPU = Release|Any CPU
	EndGlobalSection
	GlobalSection(ProjectConfigurationPlatforms) = postSolution
		{874AEFCB-AC22-4683-8D3C-A7C588F5490D}.Debug|Any CPU.ActiveCfg = Debug|Any CPU
		{874AEFCB-AC22-4683-8D3C-A7C588F5490D}.Debug|Any CPU.Build.0 = Debug|Any CPU
		{874AEFCB-AC22-4683-8D3C-A7C588F5490D}.Release|Any CPU.ActiveCfg = Release|Any CPU
		{874AEFCB-AC22-4683-8D3C-A7C588F5490D}.Release|Any CPU.Build.0 = Release|Any CPU
		{D94AD803-E0E0-4DD1-918B-F707C49F01A6}.Debug|Any CPU.ActiveCfg = Debug|Any CPU
		{D94AD803-E0E0-4DD1-918B-F707C49F01A6}.Debug|Any CPU.Build.0 = Debug|Any CPU
		{D94AD803-E0E0-4DD1-918B-F707C49F01A6}.Release|Any CPU.ActiveCfg = Release|Any CPU
		{D94AD803-E0E0-4DD1-918B-F707C49F01A6}.Release|Any CPU.Build.0 = Release|Any CPU
		{B1968E46-6BAB-47C2-AA0C-EDF0D88283BE}.Debug|Any CPU.ActiveCfg = Debug|Any CPU
		{B1968E46-6BAB-47C2-AA0C-EDF0D88283BE}.Debug|Any CPU.Build.0 = Debug|Any CPU
		{B1968E46-6BAB-47C2-AA0C-EDF0D88283BE}.Release|Any CPU.ActiveCfg = Release|Any CPU
		{B1968E46-6BAB-47C2-AA0C-EDF0D88283BE}.Release|Any CPU.Build.0 = Release|Any CPU
	EndGlobalSection
	GlobalSection(SolutionProperties) = preSolution
		HideSolutionNode = FALSE
	EndGlobalSection
	GlobalSection(ExtensibilityGlobals) = postSolution
		SolutionGuid = {3FE4490D-1ACC-414D-999B-DDF839A1BE5A}
	EndGlobalSection
EndGlobal
